
Microsoft Visual Studio Solution File, Format Version 12.00
# Visual Studio Version 17
VisualStudioVersion = 17.1.32228.430
MinimumVisualStudioVersion = 10.0.40219.1
Project("{FAE04EC0-301F-11D3-BF4B-00C04F79EFBC}") = "ClientsRegistration.Api", "ClientsRegistration\ClientsRegistration.Api.csproj", "{1DAA6CCA-456D-414E-B4CA-ACE7DAC1ED2F}"
EndProject
Project("{FAE04EC0-301F-11D3-BF4B-00C04F79EFBC}") = "ClientsRegistration.Model", "ClientsRegistration.Model\ClientsRegistration.Model.csproj", "{61E73887-A9FE-4896-8AE5-1072559A4625}"
EndProject
Project("{FAE04EC0-301F-11D3-BF4B-00C04F79EFBC}") = "ClientsRegistration.Application", "ClientsRegistration.Application\ClientsRegistration.Application.csproj", "{7356D3FB-5096-4FB8-AA09-344E9BB0967C}"
EndProject
Project("{FAE04EC0-301F-11D3-BF4B-00C04F79EFBC}") = "ClientsRegistration.Infra", "ClientsRegistration.Infra\ClientsRegistration.Infra.csproj", "{DD94B7B3-B42F-4211-A264-D1E5767D1922}"
EndProject
Global
	GlobalSection(SolutionConfigurationPlatforms) = preSolution
		Debug|Any CPU = Debug|Any CPU
		Release|Any CPU = Release|Any CPU
	EndGlobalSection
	GlobalSection(ProjectConfigurationPlatforms) = postSolution
		{1DAA6CCA-456D-414E-B4CA-ACE7DAC1ED2F}.Debug|Any CPU.ActiveCfg = Debug|Any CPU
		{1DAA6CCA-456D-414E-B4CA-ACE7DAC1ED2F}.Debug|Any CPU.Build.0 = Debug|Any CPU
		{1DAA6CCA-456D-414E-B4CA-ACE7DAC1ED2F}.Release|Any CPU.ActiveCfg = Release|Any CPU
		{1DAA6CCA-456D-414E-B4CA-ACE7DAC1ED2F}.Release|Any CPU.Build.0 = Release|Any CPU
		{61E73887-A9FE-4896-8AE5-1072559A4625}.Debug|Any CPU.ActiveCfg = Debug|Any CPU
		{61E73887-A9FE-4896-8AE5-1072559A4625}.Debug|Any CPU.Build.0 = Debug|Any CPU
		{61E73887-A9FE-4896-8AE5-1072559A4625}.Release|Any CPU.ActiveCfg = Release|Any CPU
		{61E73887-A9FE-4896-8AE5-1072559A4625}.Release|Any CPU.Build.0 = Release|Any CPU
		{7356D3FB-5096-4FB8-AA09-344E9BB0967C}.Debug|Any CPU.ActiveCfg = Debug|Any CPU
		{7356D3FB-5096-4FB8-AA09-344E9BB0967C}.Debug|Any CPU.Build.0 = Debug|Any CPU
		{7356D3FB-5096-4FB8-AA09-344E9BB0967C}.Release|Any CPU.ActiveCfg = Release|Any CPU
		{7356D3FB-5096-4FB8-AA09-344E9BB0967C}.Release|Any CPU.Build.0 = Release|Any CPU
		{DD94B7B3-B42F-4211-A264-D1E5767D1922}.Debug|Any CPU.ActiveCfg = Debug|Any CPU
		{DD94B7B3-B42F-4211-A264-D1E5767D1922}.Debug|Any CPU.Build.0 = Debug|Any CPU
		{DD94B7B3-B42F-4211-A264-D1E5767D1922}.Release|Any CPU.ActiveCfg = Release|Any CPU
		{DD94B7B3-B42F-4211-A264-D1E5767D1922}.Release|Any CPU.Build.0 = Release|Any CPU
	EndGlobalSection
	GlobalSection(SolutionProperties) = preSolution
		HideSolutionNode = FALSE
	EndGlobalSection
	GlobalSection(ExtensibilityGlobals) = postSolution
		SolutionGuid = {673D94AE-7107-4B84-A40C-0BFCD673FB48}
	EndGlobalSection
EndGlobal
